
Microsoft Visual Studio Solution File, Format Version 12.00
# Visual Studio Version 17
VisualStudioVersion = 17.2.32630.192
MinimumVisualStudioVersion = 10.0.40219.1
Project("{FAE04EC0-301F-11D3-BF4B-00C04F79EFBC}") = "Host", "Host\Host.csproj", "{625498E3-5B92-4AA5-A6C1-7EA3B1C28363}"
EndProject
Global
	GlobalSection(SolutionConfigurationPlatforms) = preSolution
		Debug|Any CPU = Debug|Any CPU
		Release|Any CPU = Release|Any CPU
	EndGlobalSection
	GlobalSection(ProjectConfigurationPlatforms) = postSolution
		{625498E3-5B92-4AA5-A6C1-7EA3B1C28363}.Debug|Any CPU.ActiveCfg = Debug|Any CPU
		{625498E3-5B92-4AA5-A6C1-7EA3B1C28363}.Debug|Any CPU.Build.0 = Debug|Any CPU
		{625498E3-5B92-4AA5-A6C1-7EA3B1C28363}.Release|Any CPU.ActiveCfg = Release|Any CPU
		{625498E3-5B92-4AA5-A6C1-7EA3B1C28363}.Release|Any CPU.Build.0 = Release|Any CPU
	EndGlobalSection
	GlobalSection(SolutionProperties) = preSolution
		HideSolutionNode = FALSE
	EndGlobalSection
	GlobalSection(ExtensibilityGlobals) = postSolution
		SolutionGuid = {2C86F774-A290-4159-B3EB-630CC4C3BDE9}
	EndGlobalSection
EndGlobal
